
Microsoft Visual Studio Solution File, Format Version 12.00
# Visual Studio Version 16
VisualStudioVersion = 16.0.30804.86
MinimumVisualStudioVersion = 10.0.40219.1
Project("{9A19103F-16F7-4668-BE54-9A1E7A4F7556}") = "InfWorld", "InfWorld.csproj", "{59D8479B-F25F-4DBC-8008-97E58BCE55B1}"
EndProject
Global
	GlobalSection(SolutionConfigurationPlatforms) = preSolution
		Debug|Any CPU = Debug|Any CPU
		Release|Any CPU = Release|Any CPU
	EndGlobalSection
	GlobalSection(ProjectConfigurationPlatforms) = postSolution
		{59D8479B-F25F-4DBC-8008-97E58BCE55B1}.Debug|Any CPU.ActiveCfg = Debug|Any CPU
		{59D8479B-F25F-4DBC-8008-97E58BCE55B1}.Debug|Any CPU.Build.0 = Debug|Any CPU
		{59D8479B-F25F-4DBC-8008-97E58BCE55B1}.Release|Any CPU.ActiveCfg = Release|Any CPU
		{59D8479B-F25F-4DBC-8008-97E58BCE55B1}.Release|Any CPU.Build.0 = Release|Any CPU
	EndGlobalSection
	GlobalSection(SolutionProperties) = preSolution
		HideSolutionNode = FALSE
	EndGlobalSection
	GlobalSection(ExtensibilityGlobals) = postSolution
		SolutionGuid = {4ADE18D4-620B-4D56-A2C0-B7686FD6F799}
	EndGlobalSection
EndGlobal
